# Auto-generated by tools/check_doc_citations.py --update — do not hand-edit.
# Maps every <source>:<line> cited by docs/*.md to that line's trimmed content.
# Re-run --update after intentionally changing a citation or a cited source line.
dkls23-core/src/lib.rs:14	#[cfg(all(not(test), feature = "insecure-rng"))]
dkls23-core/src/lib.rs:25	);
dkls23-core/src/lib.rs:55	pub const PROTOCOL_VERSION: u16 = 1;
dkls23-core/src/protocols.rs:23	#[cfg(any(test, feature = "trusted-dealer-import"))]
dkls23-core/src/protocols.rs:62	pub fn new(value: u8) -> Result<Self, InvalidPartyIndex> {
dkls23-core/src/protocols.rs:117	impl TryFrom<ParametersRaw> for Parameters {
dkls23-core/src/protocols.rs:122	}
dkls23-core/src/protocols.rs:174	impl<C: DklsCurve> Zeroize for Party<C> {
dkls23-core/src/protocols.rs:198	}
dkls23-core/src/protocols.rs:502	}
dkls23-core/src/protocols.rs:517	#[must_use]
dkls23-core/src/protocols/derivation.rs:105	pub fn child_tweak(
dkls23-core/src/protocols/derivation.rs:129	if tweak.to_repr() != *field_bytes {
dkls23-core/src/protocols/derivation.rs:147	}
dkls23-core/src/protocols/derivation.rs:172	let new_poly_point = self.poly_point + tweak;
dkls23-core/src/protocols/derivation.rs:174	let new_pk = ((generator * tweak) + self.pk).to_affine();
dkls23-core/src/protocols/derivation.rs:349	let new_verifying_shares = self
dkls23-core/src/protocols/derivation.rs:353	.collect();
dkls23-core/src/protocols/dkg.rs:349	// L3 (self-audit): this `.expect` is an RNG-sanity fail-stop, NOT an attacker-reachable panic.
dkls23-core/src/protocols/dkg.rs:411	let identity = <C::AffinePoint as PrimeCurveAffine>::identity();
dkls23-core/src/protocols/dkg.rs:453	} else if pk != current_pk {
dkls23-core/src/protocols/dkg.rs:1020	// In DKG this failed run does not produce reusable OT state,
dkls23-core/src/protocols/dkg.rs:1021	// so we keep abort classification recoverable.
dkls23-core/src/protocols/dkg.rs:1075	// We check the commitments and create the final chain code.
dkls23-core/src/protocols/dkg.rs:1110	}
dkls23-core/src/protocols/re_key.rs:63	let secret_key = Zeroizing::new(*secret_key);
dkls23-core/src/protocols/re_key.rs:72	let mut polynomial: Zeroizing<Vec<C::Scalar>> =
dkls23-core/src/protocols/re_key.rs:134	let mut all_mul_receivers: Vec<BTreeMap<PartyIndex, MulReceiver<C>>> =
dkls23-core/src/protocols/re_key.rs:199	}
dkls23-core/src/protocols/refresh.rs:188	secret_polynomial.push(C::Scalar::ZERO);
dkls23-core/src/protocols/refresh.rs:411	if verifying_pk != <C::AffinePoint as rustcrypto_group::prime::PrimeCurveAffine>::identity()
dkls23-core/src/protocols/refresh.rs:700	AbortReason::TrivialKeyShare,
dkls23-core/src/protocols/refresh.rs:736	self.zeroize();
dkls23-core/src/protocols/refresh.rs:896	if verifying_pk != <C::AffinePoint as rustcrypto_group::prime::PrimeCurveAffine>::identity()
dkls23-core/src/protocols/refresh.rs:1071	// We update the OT data.
dkls23-core/src/protocols/refresh.rs:1156	}
dkls23-core/src/protocols/refresh.rs:1189	AbortReason::TrivialKeyShare,
dkls23-core/src/protocols/refresh.rs:1226	self.zeroize();
dkls23-core/src/protocols/refresh.rs:1449	fn test_refresh_phase4_rejects_trivial_key_share() {
dkls23-core/src/protocols/refresh.rs:1540	fn test_corrupted_fast_refresh_is_banned_at_next_signing() {
dkls23-core/src/protocols/sign_session.rs:74	pub fn phase4(mut self, received: &[Broadcast3to4<C>]) -> Result<EcdsaSignature, Abort> {
dkls23-core/src/protocols/sign_session.rs:234	// M4 (self-audit): the SignSession API normalizes to canonical low-S (EIP-2 / BIP-62),
dkls23-core/src/protocols/signing.rs:276	if self.session_id.len() != crate::utilities::ID_LEN
dkls23-core/src/protocols/signing.rs:279	return Err(Abort::recoverable(
dkls23-core/src/protocols/signing.rs:283	}
dkls23-core/src/protocols/signing.rs:342	let instance_key = C::Scalar::random(&mut rng::get_rng());
dkls23-core/src/protocols/signing.rs:343	let inversion_mask = C::Scalar::random(&mut rng::get_rng());
dkls23-core/src/protocols/signing.rs:358	let root_digest = root_agreement_digest(
dkls23-core/src/protocols/signing.rs:397	return Err(Abort::recoverable(
dkls23-core/src/protocols/signing.rs:422	protocol_version: crate::PROTOCOL_VERSION,
dkls23-core/src/protocols/signing.rs:435	let zero_sid = [
dkls23-core/src/protocols/signing.rs:441	.concat();
dkls23-core/src/protocols/signing.rs:545	if message.protocol_version != crate::PROTOCOL_VERSION {
dkls23-core/src/protocols/signing.rs:566	let our_root_digest = root_agreement_digest(
dkls23-core/src/protocols/signing.rs:573	return Err(Abort::recoverable(
dkls23-core/src/protocols/signing.rs:578	));
dkls23-core/src/protocols/signing.rs:649	return Err(match error.kind {
dkls23-core/src/protocols/signing.rs:650	MulErrorKind::ConsistencyFailure => Abort::ban(
dkls23-core/src/protocols/signing.rs:665	});
dkls23-core/src/protocols/signing.rs:846	})?;
dkls23-core/src/protocols/signing.rs:857	return Err(match error.kind {
dkls23-core/src/protocols/signing.rs:858	MulErrorKind::ConsistencyFailure => Abort::ban(
dkls23-core/src/protocols/signing.rs:873	});
dkls23-core/src/protocols/signing.rs:886	return Err(Abort::ban(
dkls23-core/src/protocols/signing.rs:898	return Err(Abort::ban(
dkls23-core/src/protocols/signing.rs:907	(C::ProjectivePoint::from(expected_public_key) + message.public_share).to_affine();
dkls23-core/src/protocols/signing.rs:976	pub fn sign_phase4(
dkls23-core/src/protocols/signing.rs:992	let denominator_inverse = match Option::<C::Scalar>::from(denominator.invert()) {
dkls23-core/src/protocols/signing.rs:995	return Err(Abort::recoverable(
dkls23-core/src/protocols/signing.rs:1007	{
dkls23-core/src/protocols/signing.rs:1010	return Err(Abort::recoverable(
dkls23-core/src/protocols/signing.rs:1015	}
dkls23-core/src/protocols/signing.rs:1017	let mut s = numerator * denominator_inverse;
dkls23-core/src/protocols/signing.rs:1028	let verification =
dkls23-core/src/protocols/signing.rs:1068	let rec_id = (is_y_odd as u8) | ((is_x_reduced as u8) << 1);
dkls23-core/src/protocols/signing.rs:1070	Ok((signature, rec_id))
dkls23-core/src/utilities/multiplication.rs:126	pub enum MulErrorKind {
dkls23-core/src/utilities/multiplication.rs:173	}
dkls23-core/src/utilities/multiplication.rs:217	// L4 (self-audit): both parties derive `public_gadget` independently from the same
dkls23-core/src/utilities/multiplication.rs:221	let mut public_gadget: Vec<C::Scalar> = Vec::with_capacity(BATCH_SIZE as usize);
dkls23-core/src/utilities/multiplication.rs:230	}
dkls23-core/src/utilities/multiplication.rs:348	let mut chi_tilde: Vec<C::Scalar> = Vec::with_capacity(L as usize);
dkls23-core/src/utilities/multiplication.rs:359	}
dkls23-core/src/utilities/multiplication.rs:476	// L4 (self-audit): both parties derive `public_gadget` independently from the same
dkls23-core/src/utilities/multiplication.rs:480	let mut public_gadget: Vec<C::Scalar> = Vec::with_capacity(BATCH_SIZE as usize);
dkls23-core/src/utilities/multiplication.rs:489	}
dkls23-core/src/utilities/multiplication.rs:537	b = C::Scalar::conditional_select(
dkls23-core/src/utilities/multiplication.rs:575	let mut chi_tilde: Vec<C::Scalar> = Vec::with_capacity(L as usize);
dkls23-core/src/utilities/multiplication.rs:586	}
dkls23-core/src/utilities/multiplication.rs:674	let entry = C::Scalar::conditional_select(
dkls23-core/src/utilities/multiplication.rs:693	if !bool::from(data_received.verify_r.ct_eq(&expected_verify_r)) {
dkls23-core/src/utilities/multiplication.rs:694	return Err(ErrorMul::new(
dkls23-core/src/utilities/multiplication.rs:882	assert_eq!(sum, sender_input[i as usize] * receiver_random);
dkls23-core/src/utilities/ot.rs:17	pub enum OtErrorKind {
dkls23-core/src/utilities/ot.rs:49	}
dkls23-core/src/utilities/ot/base.rs:80	let mut s = <C::Scalar as Field>::ZERO;
dkls23-core/src/utilities/ot/base.rs:83	}
dkls23-core/src/utilities/ot/base.rs:85	// L3 (self-audit): RNG-sanity fail-stop, not attacker-reachable (see `dkg::step3`). The
dkls23-core/src/utilities/ot/base.rs:114	///
dkls23-core/src/utilities/ot/base.rs:150	let m0 = tagged_hash(TAG_OT_BASE_MSG, &[session_id, &value_for_m0_bytes]);
dkls23-core/src/utilities/ot/base.rs:267	///
dkls23-core/src/utilities/ot/base.rs:284	
dkls23-core/src/utilities/ot/base.rs:301	let value_for_mb = (*z * r).to_affine();
dkls23-core/src/utilities/ot/extension.rs:268	&[session_id, &i_bytes, &count_bytes, &self.seeds[i as usize]],
dkls23-core/src/utilities/ot/extension.rs:315	&tagged_hash(TAG_OTE_CHI, &[session_id, b"chi1", &msg])[0..(OT_SECURITY / 8) as usize],
dkls23-core/src/utilities/ot/extension.rs:318	&tagged_hash(TAG_OTE_CHI, &[session_id, b"chi2", &msg])[0..(OT_SECURITY / 8) as usize],
dkls23-core/src/utilities/ot/extension.rs:359	let consistent = verify_q
dkls23-core/src/utilities/ot/extension.rs:362	.fold(subtle::Choice::from(1u8), |acc, (a, b)| acc & a.ct_eq(b));
dkls23-core/src/utilities/ot/extension.rs:365	return Err(ErrorOT::consistency(
dkls23-core/src/utilities/ot/extension.rs:368	}
dkls23-core/src/utilities/ot/extension.rs:421	TAG_OTE_RANDOMIZE,
dkls23-core/src/utilities/ot/extension.rs:429	v1.push(tagged_hash_as_scalar::<C>(
dkls23-core/src/utilities/ot/extension.rs:808	let t_b_j = C::Scalar::conditional_select(
dkls23-core/src/utilities/ot/extension.rs:838	/// <https://github.com/coinbase/kryptology/blob/master/pkg/ot/extension/kos/kos.go>.
dkls23-core/src/utilities/ot/extension.rs:894	pub fn field_mul(left: &[u8], right: &[u8]) -> Result<FieldElement, ErrorOT> {
dkls23-core/src/utilities/ot/extension.rs:923	let bit = (a[j as usize] >> k) & 1;
dkls23-core/src/utilities/ot/extension.rs:927	}
dkls23-core/src/utilities/ot/extension.rs:980	}
dkls23-core/src/utilities/ot/extension.rs:1071	#[test]
dkls23-core/src/utilities/proofs.rs:233	let mut states: Zeroizing<Vec<C::Scalar>> = Zeroizing::new(Vec::with_capacity(R as usize));
dkls23-core/src/utilities/proofs.rs:374	pub fn verify(proof: &DLogProof<C>, session_id: &[u8]) -> bool {
dkls23-core/src/utilities/proofs.rs:387	let identity = <C::AffinePoint as PrimeCurveAffine>::identity();
dkls23-core/src/utilities/proofs.rs:388	if proof.point == identity || proof.rand_commitments.iter().any(|rc| *rc == identity) {
dkls23-core/src/utilities/proofs.rs:390	}
dkls23-core/src/utilities/proofs.rs:460	}
dkls23-core/src/utilities/proofs.rs:663	pub fn verify(&self, rand_commitments: &RandomCommitments<C>, challenge: &C::Scalar) -> bool {
dkls23-core/src/utilities/proofs.rs:667	if self.point_u == identity || self.point_v == identity || self.base_h == identity {
dkls23-core/src/utilities/proofs.rs:678	}
dkls23-core/src/utilities/proofs.rs:688	pub fn simulate(
dkls23-core/src/utilities/proofs.rs:720	}
dkls23-core/src/utilities/proofs.rs:753	pub fn prove(
dkls23-core/src/utilities/proofs.rs:776	let base_h_proj = C::ProjectivePoint::from(*base_h);
dkls23-core/src/utilities/proofs.rs:787	};
dkls23-core/src/utilities/proofs.rs:805	let real_scalar_commitment = Zeroizing::new(real_scalar_commitment);
dkls23-core/src/utilities/proofs.rs:876	&*real_scalar_commitment, // deref Zeroizing<Scalar> -> &Scalar
dkls23-core/src/utilities/proofs.rs:909	/// Verification of an encryption proof.
dkls23-core/src/utilities/proofs.rs:952	let expected_challenge =
dkls23-core/src/utilities/proofs.rs:959	
dkls23-core/src/utilities/zero_shares.rs:79	let lowest_index = index_party <= index_counterparty;
dkls23-core/src/utilities/zero_shares.rs:123	if seed_pair.lowest_index {
dkls23-core/src/utilities/zero_shares.rs:127	}
